# This file is autogenerated, do not edit; changes may be undone by the next 'dep ensure'.


[[projects]]
  branch = "master"
  digest = "1:424e21606200ae4ca8f1f1251a2773bde1f31b9426070d6df4b2856fa8da7fae"
  name = "gonum.org/v1/gonum"
  packages = [
    "blas",
    "blas/blas64",
    "blas/cblas128",
    "blas/gonum",
    "floats",
    "internal/asm/c128",
    "internal/asm/f32",
    "internal/asm/f64",
    "internal/math32",
    "lapack",
    "lapack/gonum",
    "lapack/lapack64",
    "mat",
  ]
  pruneopts = "UT"
  revision = "8ea67971a689cf30e802345015b5c758f6c22510"

[solve-meta]
  analyzer-name = "dep"
  analyzer-version = 1
  input-imports = ["gonum.org/v1/gonum/mat"]
  solver-name = "gps-cdcl"
  solver-version = 1
